{
  "version": 4,
  "terraform_version": "1.1.9",
  "serial": 11,
  "lineage": "b193022e-f073-28cb-60a3-eff396a0c459",
  "outputs": {},
  "resources": [
    {
      "module": "module.vpc",
      "mode": "managed",
      "type": "aws_vpc",
      "name": "vpc",
      "provider": "provider[\"registry.terraform.io/hashicorp/aws\"]",
      "instances": [
        {
          "schema_version": 1,
          "attributes": {
            "arn": "arn:aws:ec2:ap-southeast-2:746590608925:vpc/vpc-03b725bad4346769b",
            "assign_generated_ipv6_cidr_block": false,
            "cidr_block": "10.20.0.0/16",
            "default_network_acl_id": "acl-0d87c6dcf44941157",
            "default_route_table_id": "rtb-0196587c8a5592499",
            "default_security_group_id": "sg-0f5410059b18773d6",
            "dhcp_options_id": "dopt-0ede9a2a4ceaf1027",
            "enable_classiclink": false,
            "enable_classiclink_dns_support": false,
            "enable_dns_hostnames": true,
            "enable_dns_support": true,
            "id": "vpc-03b725bad4346769b",
            "instance_tenancy": "default",
            "ipv4_ipam_pool_id": null,
            "ipv4_netmask_length": null,
            "ipv6_association_id": "",
            "ipv6_cidr_block": "",
            "ipv6_cidr_block_network_border_group": "",
            "ipv6_ipam_pool_id": "",
            "ipv6_netmask_length": 0,
            "main_route_table_id": "rtb-0196587c8a5592499",
            "owner_id": "746590608925",
            "tags": {
              "Name": "ansible-vpc"
            },
            "tags_all": {
              "Name": "ansible-vpc"
            }
          },
          "sensitive_attributes": [],
          "private": "eyJzY2hlbWFfdmVyc2lvbiI6IjEifQ=="
        }
      ]
    }
  ]
}
